
Microsoft Visual Studio Solution File, Format Version 12.00
# Visual Studio 15
Project("{FAE04EC0-301F-11D3-BF4B-00C04F79EFBC}") = "Assembly-CSharp", "Assembly-CSharp.csproj", "{11920C28-7DFD-BA44-73B1-DFBFFF7765F8}"
EndProject
Project("{FAE04EC0-301F-11D3-BF4B-00C04F79EFBC}") = "XEntity.InventoryItemSystem", "XEntity.InventoryItemSystem.csproj", "{A085B572-8C38-AEBA-A90F-A444CBE7E55C}"
EndProject
Project("{FAE04EC0-301F-11D3-BF4B-00C04F79EFBC}") = "Assembly-CSharp-Editor", "Assembly-CSharp-Editor.csproj", "{EB27CC3B-4A74-FB0A-4614-3BE72584653C}"
EndProject
Global
	GlobalSection(SolutionConfigurationPlatforms) = preSolution
		Debug|Any CPU = Debug|Any CPU
		Release|Any CPU = Release|Any CPU
	EndGlobalSection
	GlobalSection(ProjectConfigurationPlatforms) = postSolution
		{11920C28-7DFD-BA44-73B1-DFBFFF7765F8}.Debug|Any CPU.ActiveCfg = Debug|Any CPU
		{11920C28-7DFD-BA44-73B1-DFBFFF7765F8}.Debug|Any CPU.Build.0 = Debug|Any CPU
		{11920C28-7DFD-BA44-73B1-DFBFFF7765F8}.Release|Any CPU.ActiveCfg = Release|Any CPU
		{11920C28-7DFD-BA44-73B1-DFBFFF7765F8}.Release|Any CPU.Build.0 = Release|Any CPU
		{A085B572-8C38-AEBA-A90F-A444CBE7E55C}.Debug|Any CPU.ActiveCfg = Debug|Any CPU
		{A085B572-8C38-AEBA-A90F-A444CBE7E55C}.Debug|Any CPU.Build.0 = Debug|Any CPU
		{A085B572-8C38-AEBA-A90F-A444CBE7E55C}.Release|Any CPU.ActiveCfg = Release|Any CPU
		{A085B572-8C38-AEBA-A90F-A444CBE7E55C}.Release|Any CPU.Build.0 = Release|Any CPU
		{EB27CC3B-4A74-FB0A-4614-3BE72584653C}.Debug|Any CPU.ActiveCfg = Debug|Any CPU
		{EB27CC3B-4A74-FB0A-4614-3BE72584653C}.Debug|Any CPU.Build.0 = Debug|Any CPU
		{EB27CC3B-4A74-FB0A-4614-3BE72584653C}.Release|Any CPU.ActiveCfg = Release|Any CPU
		{EB27CC3B-4A74-FB0A-4614-3BE72584653C}.Release|Any CPU.Build.0 = Release|Any CPU
	EndGlobalSection
	GlobalSection(SolutionProperties) = preSolution
		HideSolutionNode = FALSE
	EndGlobalSection
EndGlobal
